# @generated - this file is auto-generated by `mise lock` https://mise.jdx.dev/dev-tools/mise-lock.html

[[tools.age]]
version = "1.3.1"
backend = "aqua:FiloSottile/age"

[tools.age."platforms.linux-arm64"]
checksum = "sha256:c6878a324421b69e3e20b00ba17c04bc5c6dab0030cfe55bf8f68fa8d9e9093a"
url = "https://github.com/FiloSottile/age/releases/download/v1.3.1/age-v1.3.1-linux-arm64.tar.gz"
url_api = "https://api.github.com/repos/FiloSottile/age/releases/assets/333752668"
provenance = "github-attestations"

[tools.age."platforms.linux-arm64-musl"]
checksum = "sha256:c6878a324421b69e3e20b00ba17c04bc5c6dab0030cfe55bf8f68fa8d9e9093a"
url = "https://github.com/FiloSottile/age/releases/download/v1.3.1/age-v1.3.1-linux-arm64.tar.gz"
url_api = "https://api.github.com/repos/FiloSottile/age/releases/assets/333752668"
provenance = "github-attestations"

[tools.age."platforms.linux-x64"]
checksum = "sha256:bdc69c09cbdd6cf8b1f333d372a1f58247b3a33146406333e30c0f26e8f51377"
url = "https://github.com/FiloSottile/age/releases/download/v1.3.1/age-v1.3.1-linux-amd64.tar.gz"
url_api = "https://api.github.com/repos/FiloSottile/age/releases/assets/333752671"
provenance = "github-attestations"

[tools.age."platforms.linux-x64-musl"]
checksum = "sha256:bdc69c09cbdd6cf8b1f333d372a1f58247b3a33146406333e30c0f26e8f51377"
url = "https://github.com/FiloSottile/age/releases/download/v1.3.1/age-v1.3.1-linux-amd64.tar.gz"
url_api = "https://api.github.com/repos/FiloSottile/age/releases/assets/333752671"
provenance = "github-attestations"

[tools.age."platforms.macos-arm64"]
checksum = "sha256:01120ea2cbf0463d4c6bd767f99f3271bbed1cdc8a9aa718a76ba1fe4f01998b"
url = "https://github.com/FiloSottile/age/releases/download/v1.3.1/age-v1.3.1-darwin-arm64.tar.gz"
url_api = "https://api.github.com/repos/FiloSottile/age/releases/assets/333752669"
provenance = "github-attestations"

[tools.age."platforms.macos-x64"]
checksum = "sha256:2b233301ad21ab7b1eabd9ae1198a164005fa4928fcdd745d47c39f8593209d7"
url = "https://github.com/FiloSottile/age/releases/download/v1.3.1/age-v1.3.1-darwin-amd64.tar.gz"
url_api = "https://api.github.com/repos/FiloSottile/age/releases/assets/343881260"
provenance = "github-attestations"

[tools.age."platforms.windows-x64"]
checksum = "sha256:c56e8ce22f7e80cb85ad946cc82d198767b056366201d3e1a2b93d865be38154"
url = "https://github.com/FiloSottile/age/releases/download/v1.3.1/age-v1.3.1-windows-amd64.zip"
url_api = "https://api.github.com/repos/FiloSottile/age/releases/assets/333752673"
provenance = "github-attestations"

[[tools.fnox]]
version = "1.33.0"
backend = "github:jdx/fnox"

[tools.fnox."platforms.linux-arm64"]
checksum = "sha256:a7ac3a996d1dacc68bb795f252e89fe0a4a6a56e3cfa6188c10978f950f5532e"
url = "https://github.com/jdx/fnox/releases/download/v1.33.0/fnox-aarch64-unknown-linux-gnu.tar.gz"
url_api = "https://api.github.com/repos/jdx/fnox/releases/assets/507397658"
provenance = "github-attestations"

[tools.fnox."platforms.linux-arm64-musl"]
checksum = "sha256:eccecb4ac6ef66ca003bcb43431518cfdbc357abbcf3b5b6f32f96bf47187969"
url = "https://github.com/jdx/fnox/releases/download/v1.33.0/fnox-aarch64-unknown-linux-musl.tar.gz"
url_api = "https://api.github.com/repos/jdx/fnox/releases/assets/507397655"
provenance = "github-attestations"

[tools.fnox."platforms.linux-x64"]
checksum = "sha256:f1248d5c721daae2dca440c278396de1e6ebddc3d5f1f427a958115f3a1d97e7"
url = "https://github.com/jdx/fnox/releases/download/v1.33.0/fnox-x86_64-unknown-linux-gnu.tar.gz"
url_api = "https://api.github.com/repos/jdx/fnox/releases/assets/507397683"
provenance = "github-attestations"
provenance_verified = true

[tools.fnox."platforms.linux-x64-musl"]
checksum = "sha256:730fa4e79c2270f873fb883018909f6945cddd86cf745a9b8feed39fa7553a10"
url = "https://github.com/jdx/fnox/releases/download/v1.33.0/fnox-x86_64-unknown-linux-musl.tar.gz"
url_api = "https://api.github.com/repos/jdx/fnox/releases/assets/507397684"
provenance = "github-attestations"

[tools.fnox."platforms.macos-arm64"]
checksum = "sha256:282046a3b760b623cd41ee4dcd9aba73a6b54474b2d4ea033b25a39f7c7b5fa7"
url = "https://github.com/jdx/fnox/releases/download/v1.33.0/fnox-aarch64-apple-darwin.tar.gz"
url_api = "https://api.github.com/repos/jdx/fnox/releases/assets/507397661"
provenance = "github-attestations"

[tools.fnox."platforms.macos-x64"]
checksum = "sha256:4b1af1d3a960de3a14a8cf6bf9f66670cfeadd6ab41c18f96e2ffc1240c45691"
url = "https://github.com/jdx/fnox/releases/download/v1.33.0/fnox-x86_64-apple-darwin.tar.gz"
url_api = "https://api.github.com/repos/jdx/fnox/releases/assets/507397660"
provenance = "github-attestations"

[tools.fnox."platforms.windows-x64"]
checksum = "sha256:e185feb2d126866d1f22e66483762662a2ce7d391a13ac5791675c98b282bc35"
url = "https://github.com/jdx/fnox/releases/download/v1.33.0/fnox-x86_64-pc-windows-msvc.zip"
url_api = "https://api.github.com/repos/jdx/fnox/releases/assets/507397674"
provenance = "github-attestations"

[[tools."github:argoproj/argo-cd"]]
version = "3.5.0"
backend = "github:argoproj/argo-cd"

[tools."github:argoproj/argo-cd"."platforms.linux-arm64"]
checksum = "sha256:8192c7bffdadb6e17711146e602837f9d2a75abd005ddea20b322208d32a1086"
url = "https://github.com/argoproj/argo-cd/releases/download/v3.5.0/argocd-linux-arm64"
url_api = "https://api.github.com/repos/argoproj/argo-cd/releases/assets/501097806"

[tools."github:argoproj/argo-cd"."platforms.linux-arm64".provenance.slsa]
url = "https://github.com/argoproj/argo-cd/releases/download/v3.5.0/argocd-cli.intoto.jsonl"

[tools."github:argoproj/argo-cd"."platforms.linux-arm64-musl"]
checksum = "sha256:8192c7bffdadb6e17711146e602837f9d2a75abd005ddea20b322208d32a1086"
url = "https://github.com/argoproj/argo-cd/releases/download/v3.5.0/argocd-linux-arm64"
url_api = "https://api.github.com/repos/argoproj/argo-cd/releases/assets/501097806"

[tools."github:argoproj/argo-cd"."platforms.linux-arm64-musl".provenance.slsa]
url = "https://github.com/argoproj/argo-cd/releases/download/v3.5.0/argocd-cli.intoto.jsonl"

[tools."github:argoproj/argo-cd"."platforms.linux-x64"]
checksum = "sha256:82f2ffe3f3df32baed1229963f0866e9a8a3c74e136e9e5f36646d9004332cc5"
url = "https://github.com/argoproj/argo-cd/releases/download/v3.5.0/argocd-linux-amd64"
url_api = "https://api.github.com/repos/argoproj/argo-cd/releases/assets/501097954"
provenance_verified = true

[tools."github:argoproj/argo-cd"."platforms.linux-x64".provenance.slsa]
url = "https://github.com/argoproj/argo-cd/releases/download/v3.5.0/argocd-cli.intoto.jsonl"

[tools."github:argoproj/argo-cd"."platforms.linux-x64-musl"]
checksum = "sha256:82f2ffe3f3df32baed1229963f0866e9a8a3c74e136e9e5f36646d9004332cc5"
url = "https://github.com/argoproj/argo-cd/releases/download/v3.5.0/argocd-linux-amd64"
url_api = "https://api.github.com/repos/argoproj/argo-cd/releases/assets/501097954"

[tools."github:argoproj/argo-cd"."platforms.linux-x64-musl".provenance.slsa]
url = "https://github.com/argoproj/argo-cd/releases/download/v3.5.0/argocd-cli.intoto.jsonl"

[tools."github:argoproj/argo-cd"."platforms.macos-arm64"]
checksum = "sha256:842740ce687e738f2bb5be9e48e74cd1ee51549bdbecc7490a534cdb4ddd7e72"
url = "https://github.com/argoproj/argo-cd/releases/download/v3.5.0/argocd-darwin-arm64"
url_api = "https://api.github.com/repos/argoproj/argo-cd/releases/assets/501097945"

[tools."github:argoproj/argo-cd"."platforms.macos-arm64".provenance.slsa]
url = "https://github.com/argoproj/argo-cd/releases/download/v3.5.0/argocd-cli.intoto.jsonl"

[tools."github:argoproj/argo-cd"."platforms.macos-x64"]
checksum = "sha256:eff88815d7832e25a01790397f6abe073e42cff9a38c4515f082637ea47df1d1"
url = "https://github.com/argoproj/argo-cd/releases/download/v3.5.0/argocd-darwin-amd64"
url_api = "https://api.github.com/repos/argoproj/argo-cd/releases/assets/501097804"

[tools."github:argoproj/argo-cd"."platforms.macos-x64".provenance.slsa]
url = "https://github.com/argoproj/argo-cd/releases/download/v3.5.0/argocd-cli.intoto.jsonl"

[tools."github:argoproj/argo-cd"."platforms.windows-x64"]
checksum = "sha256:81554f01b168b20a8fb5933384ebf8673573eafa3c46700d8e5619eef8e76ced"
url = "https://github.com/argoproj/argo-cd/releases/download/v3.5.0/argocd-windows-amd64.exe"
url_api = "https://api.github.com/repos/argoproj/argo-cd/releases/assets/501097803"

[tools."github:argoproj/argo-cd"."platforms.windows-x64".provenance.slsa]
url = "https://github.com/argoproj/argo-cd/releases/download/v3.5.0/argocd-cli.intoto.jsonl"

[[tools."github:astral-sh/ruff"]]
version = "0.16.2"
backend = "github:astral-sh/ruff"

[tools."github:astral-sh/ruff"."platforms.linux-arm64"]
checksum = "sha256:b2a2a2573455cc33af98f8a8fb49294c02d4e2e4a7f9e81844411f0a57f30318"
url = "https://github.com/astral-sh/ruff/releases/download/0.16.2/ruff-aarch64-unknown-linux-gnu.tar.gz"
url_api = "https://api.github.com/repos/astral-sh/ruff/releases/assets/505191620"
provenance = "github-attestations"

[tools."github:astral-sh/ruff"."platforms.linux-arm64-musl"]
checksum = "sha256:7cc696f9d89cfeef02167301feedfc3017061fe45df3688b4f3589cde90a1139"
url = "https://github.com/astral-sh/ruff/releases/download/0.16.2/ruff-aarch64-unknown-linux-musl.tar.gz"
url_api = "https://api.github.com/repos/astral-sh/ruff/releases/assets/505191631"
provenance = "github-attestations"

[tools."github:astral-sh/ruff"."platforms.linux-x64"]
checksum = "sha256:3d2c355e641ceb5b608a158c603768fcc908c5009c56c6e78da7487da033b92a"
url = "https://github.com/astral-sh/ruff/releases/download/0.16.2/ruff-x86_64-unknown-linux-gnu.tar.gz"
url_api = "https://api.github.com/repos/astral-sh/ruff/releases/assets/505191728"
provenance = "github-attestations"
provenance_verified = true

[tools."github:astral-sh/ruff"."platforms.linux-x64-musl"]
checksum = "sha256:df690c6a80a7c41b6f1154dd0b5dfc152a209cafa06ffd3d4ff30f9751f4965c"
url = "https://github.com/astral-sh/ruff/releases/download/0.16.2/ruff-x86_64-unknown-linux-musl.tar.gz"
url_api = "https://api.github.com/repos/astral-sh/ruff/releases/assets/505191732"
provenance = "github-attestations"

[tools."github:astral-sh/ruff"."platforms.macos-arm64"]
checksum = "sha256:fbf6cbc23d254b0bc03a6fb2b1b04efb917fe5ce068d027e735ce7ed65b9bed6"
url = "https://github.com/astral-sh/ruff/releases/download/0.16.2/ruff-aarch64-apple-darwin.tar.gz"
url_api = "https://api.github.com/repos/astral-sh/ruff/releases/assets/505191610"
provenance = "github-attestations"

[tools."github:astral-sh/ruff"."platforms.macos-x64"]
checksum = "sha256:6648fa7a7c95b087c5b9d269d8b9a567fae091bdef3993f77cc7531a01bd7266"
url = "https://github.com/astral-sh/ruff/releases/download/0.16.2/ruff-x86_64-apple-darwin.tar.gz"
url_api = "https://api.github.com/repos/astral-sh/ruff/releases/assets/505191712"
provenance = "github-attestations"

[tools."github:astral-sh/ruff"."platforms.windows-x64"]
checksum = "sha256:84d2c6761bef8a299156bd24559aa1499024041b378dcb5e70ee85f7df12b1af"
url = "https://github.com/astral-sh/ruff/releases/download/0.16.2/ruff-x86_64-pc-windows-msvc.zip"
url_api = "https://api.github.com/repos/astral-sh/ruff/releases/assets/505191722"
provenance = "github-attestations"

[[tools."github:darksworm/argonaut"]]
version = "2.19.0"
backend = "github:darksworm/argonaut"

[tools."github:darksworm/argonaut"."platforms.linux-arm64"]
checksum = "sha256:3358ec287066dabec53d917d8c0e9bd03b8dc33cfb629884d50b7d69799c5358"
url = "https://github.com/darksworm/argonaut/releases/download/v2.19.0/argonaut-2.19.0-linux-arm64.tar.gz"
url_api = "https://api.github.com/repos/darksworm/argonaut/releases/assets/507685424"

[tools."github:darksworm/argonaut"."platforms.linux-arm64-musl"]
checksum = "sha256:3358ec287066dabec53d917d8c0e9bd03b8dc33cfb629884d50b7d69799c5358"
url = "https://github.com/darksworm/argonaut/releases/download/v2.19.0/argonaut-2.19.0-linux-arm64.tar.gz"
url_api = "https://api.github.com/repos/darksworm/argonaut/releases/assets/507685424"

[tools."github:darksworm/argonaut"."platforms.linux-x64"]
checksum = "sha256:3ae737107bc0927942c59b83849b508825be2e184b7ee59f8f4c80bd595eebf8"
url = "https://github.com/darksworm/argonaut/releases/download/v2.19.0/argonaut-2.19.0-linux-amd64.tar.gz"
url_api = "https://api.github.com/repos/darksworm/argonaut/releases/assets/507685419"

[tools."github:darksworm/argonaut"."platforms.linux-x64-musl"]
checksum = "sha256:3ae737107bc0927942c59b83849b508825be2e184b7ee59f8f4c80bd595eebf8"
url = "https://github.com/darksworm/argonaut/releases/download/v2.19.0/argonaut-2.19.0-linux-amd64.tar.gz"
url_api = "https://api.github.com/repos/darksworm/argonaut/releases/assets/507685419"

[tools."github:darksworm/argonaut"."platforms.macos-arm64"]
checksum = "sha256:18eece1883fe6591f2eef2385946ed2828e3ad76fd2d3bf618383ad1cc477370"
url = "https://github.com/darksworm/argonaut/releases/download/v2.19.0/argonaut-2.19.0-darwin-arm64.tar.gz"
url_api = "https://api.github.com/repos/darksworm/argonaut/releases/assets/507685420"

[tools."github:darksworm/argonaut"."platforms.macos-x64"]
checksum = "sha256:c14eaacf0d5e63889245f268a87b52b270adff80997e47891ba5940459995edd"
url = "https://github.com/darksworm/argonaut/releases/download/v2.19.0/argonaut-2.19.0-darwin-amd64.tar.gz"
url_api = "https://api.github.com/repos/darksworm/argonaut/releases/assets/507685426"

[[tools."github:derailed/k9s"]]
version = "0.51.0"
backend = "github:derailed/k9s"

[tools."github:derailed/k9s"."platforms.linux-arm64"]
checksum = "sha256:3ee05c82e5f9198928a4e86133608ba6a2c10a2244d6a7789e820f78319d640c"
url = "https://github.com/derailed/k9s/releases/download/v0.51.0/k9s_Linux_arm64.tar.gz"
url_api = "https://api.github.com/repos/derailed/k9s/releases/assets/440226045"

[tools."github:derailed/k9s"."platforms.linux-arm64-musl"]
checksum = "sha256:3ee05c82e5f9198928a4e86133608ba6a2c10a2244d6a7789e820f78319d640c"
url = "https://github.com/derailed/k9s/releases/download/v0.51.0/k9s_Linux_arm64.tar.gz"
url_api = "https://api.github.com/repos/derailed/k9s/releases/assets/440226045"

[tools."github:derailed/k9s"."platforms.linux-x64"]
checksum = "sha256:c3752ad51a5a4015a113819c4eeb6e55a4d0e4b8e652494797532f6fc8161dd7"
url = "https://github.com/derailed/k9s/releases/download/v0.51.0/k9s_Linux_amd64.tar.gz"
url_api = "https://api.github.com/repos/derailed/k9s/releases/assets/440224321"

[tools."github:derailed/k9s"."platforms.linux-x64-musl"]
checksum = "sha256:c3752ad51a5a4015a113819c4eeb6e55a4d0e4b8e652494797532f6fc8161dd7"
url = "https://github.com/derailed/k9s/releases/download/v0.51.0/k9s_Linux_amd64.tar.gz"
url_api = "https://api.github.com/repos/derailed/k9s/releases/assets/440224321"

[tools."github:derailed/k9s"."platforms.macos-arm64"]
checksum = "sha256:9b8c0e8f461e5d33aeee43a67f5ef4aff646a008a786887b8266cbb153c610cc"
url = "https://github.com/derailed/k9s/releases/download/v0.51.0/k9s_Darwin_arm64.tar.gz"
url_api = "https://api.github.com/repos/derailed/k9s/releases/assets/440224326"

[tools."github:derailed/k9s"."platforms.macos-x64"]
checksum = "sha256:7e8802c57c45a0cd389e8fc38472243fe4cf48d8ad5957e189ce370e19e5eda0"
url = "https://github.com/derailed/k9s/releases/download/v0.51.0/k9s_Darwin_amd64.tar.gz"
url_api = "https://api.github.com/repos/derailed/k9s/releases/assets/440224322"

[tools."github:derailed/k9s"."platforms.windows-x64"]
checksum = "sha256:bba299f1877913979831543a008f2e104995d2ea4ac8f23d7f49c0444857d973"
url = "https://github.com/derailed/k9s/releases/download/v0.51.0/k9s_Windows_amd64.zip"
url_api = "https://api.github.com/repos/derailed/k9s/releases/assets/440224317"

[[tools."github:go-task/task"]]
version = "3.52.0"
backend = "github:go-task/task"

[tools."github:go-task/task"."platforms.linux-arm64"]
checksum = "sha256:7e0044108830cec0534577b289564e3b7c83e6df276feb631a1edc63d04e4ebe"
url = "https://github.com/go-task/task/releases/download/v3.52.0/task_linux_arm64.tar.gz"
url_api = "https://api.github.com/repos/go-task/task/releases/assets/464613352"

[tools."github:go-task/task"."platforms.linux-arm64-musl"]
checksum = "sha256:7e0044108830cec0534577b289564e3b7c83e6df276feb631a1edc63d04e4ebe"
url = "https://github.com/go-task/task/releases/download/v3.52.0/task_linux_arm64.tar.gz"
url_api = "https://api.github.com/repos/go-task/task/releases/assets/464613352"

[tools."github:go-task/task"."platforms.linux-x64"]
checksum = "sha256:02c679ffae53dca791804847d78b31731615894e292948397c971c87ac9e95bd"
url = "https://github.com/go-task/task/releases/download/v3.52.0/task_linux_amd64.tar.gz"
url_api = "https://api.github.com/repos/go-task/task/releases/assets/464613330"

[tools."github:go-task/task"."platforms.linux-x64-musl"]
checksum = "sha256:02c679ffae53dca791804847d78b31731615894e292948397c971c87ac9e95bd"
url = "https://github.com/go-task/task/releases/download/v3.52.0/task_linux_amd64.tar.gz"
url_api = "https://api.github.com/repos/go-task/task/releases/assets/464613330"

[tools."github:go-task/task"."platforms.macos-arm64"]
checksum = "sha256:debfa9a3bc06fcb5d5550b44725ecd22bb305499ce057bd6d7a774db5cdaa7b8"
url = "https://github.com/go-task/task/releases/download/v3.52.0/task_darwin_arm64.tar.gz"
url_api = "https://api.github.com/repos/go-task/task/releases/assets/464613319"

[tools."github:go-task/task"."platforms.macos-x64"]
checksum = "sha256:416348147bc2f1c729417249d932add7894fb01a126128778195942c249d7c0b"
url = "https://github.com/go-task/task/releases/download/v3.52.0/task_darwin_amd64.tar.gz"
url_api = "https://api.github.com/repos/go-task/task/releases/assets/464613314"

[tools."github:go-task/task"."platforms.windows-x64"]
checksum = "sha256:e3bd4439b445f4f135758a2666ec8b33ccde789f7f615309c58f116b0e566e79"
url = "https://github.com/go-task/task/releases/download/v3.52.0/task_windows_amd64.zip"
url_api = "https://api.github.com/repos/go-task/task/releases/assets/464613286"

[[tools."github:google/yamlfmt"]]
version = "0.21.0"
backend = "github:google/yamlfmt"

[tools."github:google/yamlfmt"."platforms.linux-arm64"]
checksum = "sha256:5b2689c963b177271330c5ce8ca7396751107e5a826be46f03d2cb9b6f0c7784"
url = "https://github.com/google/yamlfmt/releases/download/v0.21.0/yamlfmt_0.21.0_Linux_arm64.tar.gz"
url_api = "https://api.github.com/repos/google/yamlfmt/releases/assets/336650208"

[tools."github:google/yamlfmt"."platforms.linux-arm64-musl"]
checksum = "sha256:5b2689c963b177271330c5ce8ca7396751107e5a826be46f03d2cb9b6f0c7784"
url = "https://github.com/google/yamlfmt/releases/download/v0.21.0/yamlfmt_0.21.0_Linux_arm64.tar.gz"
url_api = "https://api.github.com/repos/google/yamlfmt/releases/assets/336650208"

[tools."github:google/yamlfmt"."platforms.linux-x64"]
checksum = "sha256:1f300d9257b232bb3b541d7fb1b0e6b3c121bcbab381c86cd38cb8722be8a566"
url = "https://github.com/google/yamlfmt/releases/download/v0.21.0/yamlfmt_0.21.0_Linux_x86_64.tar.gz"
url_api = "https://api.github.com/repos/google/yamlfmt/releases/assets/336650203"

[tools."github:google/yamlfmt"."platforms.linux-x64-musl"]
checksum = "sha256:1f300d9257b232bb3b541d7fb1b0e6b3c121bcbab381c86cd38cb8722be8a566"
url = "https://github.com/google/yamlfmt/releases/download/v0.21.0/yamlfmt_0.21.0_Linux_x86_64.tar.gz"
url_api = "https://api.github.com/repos/google/yamlfmt/releases/assets/336650203"

[tools."github:google/yamlfmt"."platforms.macos-arm64"]
checksum = "sha256:4b417ecb94339d57e4c122ecc948c1a00fe328b5853266de9806e652a92858fa"
url = "https://github.com/google/yamlfmt/releases/download/v0.21.0/yamlfmt_0.21.0_Darwin_arm64.tar.gz"
url_api = "https://api.github.com/repos/google/yamlfmt/releases/assets/336650209"

[tools."github:google/yamlfmt"."platforms.macos-x64"]
checksum = "sha256:060e943bcb8583c456810eb1ff4721b4f46c4a0c1a4432449d5dc3bbfe29a22b"
url = "https://github.com/google/yamlfmt/releases/download/v0.21.0/yamlfmt_0.21.0_Darwin_x86_64.tar.gz"
url_api = "https://api.github.com/repos/google/yamlfmt/releases/assets/336650207"

[tools."github:google/yamlfmt"."platforms.windows-x64"]
checksum = "sha256:07f80ce5d741eb4b0a9380ac78a19c7cb5bd44e2a9a47a5a04839e3ba54dd463"
url = "https://github.com/google/yamlfmt/releases/download/v0.21.0/yamlfmt_0.21.0_Windows_x86_64.tar.gz"
url_api = "https://api.github.com/repos/google/yamlfmt/releases/assets/336650206"

[[tools.helm]]
version = "4.2.3"
backend = "aqua:helm/helm"

[tools.helm."platforms.linux-arm64"]
checksum = "sha256:21abd9354d39b2cd79a8d76be6912cd137a983cbf997193503fb8a6a6e2f2785"
url = "https://get.helm.sh/helm-v4.2.3-linux-arm64.tar.gz"

[tools.helm."platforms.linux-arm64-musl"]
checksum = "sha256:21abd9354d39b2cd79a8d76be6912cd137a983cbf997193503fb8a6a6e2f2785"
url = "https://get.helm.sh/helm-v4.2.3-linux-arm64.tar.gz"

[tools.helm."platforms.linux-x64"]
checksum = "sha256:e9b88b4ee95b18c706839c28d3a0220e5bc470e9cd9262410c90793c45ff8b7c"
url = "https://get.helm.sh/helm-v4.2.3-linux-amd64.tar.gz"

[tools.helm."platforms.linux-x64-musl"]
checksum = "sha256:e9b88b4ee95b18c706839c28d3a0220e5bc470e9cd9262410c90793c45ff8b7c"
url = "https://get.helm.sh/helm-v4.2.3-linux-amd64.tar.gz"

[tools.helm."platforms.macos-arm64"]
checksum = "sha256:048ecf5ad3160f83d918f9fe945238d2132b079640f7b106175331c25f242c64"
url = "https://get.helm.sh/helm-v4.2.3-darwin-arm64.tar.gz"

[tools.helm."platforms.macos-x64"]
checksum = "sha256:ff3ac86755a45f3422473bc1200776aac0fe04c5766abe6ca66699f7b564b23b"
url = "https://get.helm.sh/helm-v4.2.3-darwin-amd64.tar.gz"

[tools.helm."platforms.windows-x64"]
checksum = "sha256:02c6137bb5f050479193afad5a28804e9edc3beeab7e7b53a6e1499c9ba387ef"
url = "https://get.helm.sh/helm-v4.2.3-windows-amd64.tar.gz"

[[tools.kubectl]]
version = "1.36.3"
backend = "aqua:kubernetes/kubernetes/kubectl"

[tools.kubectl."platforms.linux-arm64"]
checksum = "sha256:3d86f24401c41ae5a46ac50eef8865fe891d3647d324a0836f6c63757a126e62"
url = "https://dl.k8s.io/v1.36.3/bin/linux/arm64/kubectl"

[tools.kubectl."platforms.linux-arm64-musl"]
checksum = "sha256:3d86f24401c41ae5a46ac50eef8865fe891d3647d324a0836f6c63757a126e62"
url = "https://dl.k8s.io/v1.36.3/bin/linux/arm64/kubectl"

[tools.kubectl."platforms.linux-x64"]
checksum = "sha256:ebbd080e7c2e275093b55915722043257eb24004363e20acb3c4d71919f88336"
url = "https://dl.k8s.io/v1.36.3/bin/linux/amd64/kubectl"

[tools.kubectl."platforms.linux-x64-musl"]
checksum = "sha256:ebbd080e7c2e275093b55915722043257eb24004363e20acb3c4d71919f88336"
url = "https://dl.k8s.io/v1.36.3/bin/linux/amd64/kubectl"

[tools.kubectl."platforms.macos-arm64"]
checksum = "sha256:fc8582acde13869a606730a79379d6515f30c68afcced0b5ac8789d5d002b7d6"
url = "https://dl.k8s.io/v1.36.3/bin/darwin/arm64/kubectl"

[tools.kubectl."platforms.macos-x64"]
checksum = "sha256:158b3b46cf74e8b6bd9b1d7cd30f665e3efb2bc1ec3c843ec925bcfdd2930de0"
url = "https://dl.k8s.io/v1.36.3/bin/darwin/amd64/kubectl"

[tools.kubectl."platforms.windows-x64"]
checksum = "sha256:ba76657b79d0ebcc3c029c171fc83c96351ba5ce0e71d185f1e5b8b873360a5f"
url = "https://dl.k8s.io/v1.36.3/bin/windows/amd64/kubectl.exe"

[[tools.kustomize]]
version = "5.8.1"
backend = "aqua:kubernetes-sigs/kustomize"

[tools.kustomize."platforms.linux-arm64"]
checksum = "sha256:0953ea3e476f66d6ddfcd911d750f5167b9365aa9491b2326398e289fef2c142"
url = "https://github.com/kubernetes-sigs/kustomize/releases/download/kustomize/v5.8.1/kustomize_v5.8.1_linux_arm64.tar.gz"
url_api = "https://api.github.com/repos/kubernetes-sigs/kustomize/releases/assets/353160971"

[tools.kustomize."platforms.linux-arm64-musl"]
checksum = "sha256:0953ea3e476f66d6ddfcd911d750f5167b9365aa9491b2326398e289fef2c142"
url = "https://github.com/kubernetes-sigs/kustomize/releases/download/kustomize/v5.8.1/kustomize_v5.8.1_linux_arm64.tar.gz"
url_api = "https://api.github.com/repos/kubernetes-sigs/kustomize/releases/assets/353160971"

[tools.kustomize."platforms.linux-x64"]
checksum = "sha256:029a7f0f4e1932c52a0476cf02a0fd855c0bb85694b82c338fc648dcb53a819d"
url = "https://github.com/kubernetes-sigs/kustomize/releases/download/kustomize/v5.8.1/kustomize_v5.8.1_linux_amd64.tar.gz"
url_api = "https://api.github.com/repos/kubernetes-sigs/kustomize/releases/assets/353160972"

[tools.kustomize."platforms.linux-x64-musl"]
checksum = "sha256:029a7f0f4e1932c52a0476cf02a0fd855c0bb85694b82c338fc648dcb53a819d"
url = "https://github.com/kubernetes-sigs/kustomize/releases/download/kustomize/v5.8.1/kustomize_v5.8.1_linux_amd64.tar.gz"
url_api = "https://api.github.com/repos/kubernetes-sigs/kustomize/releases/assets/353160972"

[tools.kustomize."platforms.macos-arm64"]
checksum = "sha256:8886f8a78474e608cc81234f729fda188a9767da23e28925802f00ece2bab288"
url = "https://github.com/kubernetes-sigs/kustomize/releases/download/kustomize/v5.8.1/kustomize_v5.8.1_darwin_arm64.tar.gz"
url_api = "https://api.github.com/repos/kubernetes-sigs/kustomize/releases/assets/353160975"

[tools.kustomize."platforms.macos-x64"]
checksum = "sha256:ee7cf0c1e3592aa7bb66ba82b359933a95e7f2e0b36e5f53ed0a4535b017f2f8"
url = "https://github.com/kubernetes-sigs/kustomize/releases/download/kustomize/v5.8.1/kustomize_v5.8.1_darwin_amd64.tar.gz"
url_api = "https://api.github.com/repos/kubernetes-sigs/kustomize/releases/assets/353160974"

[tools.kustomize."platforms.windows-x64"]
checksum = "sha256:8ec7f5e815e526d4622c06df0a7793d8cfb6eb1c74f816b46166097fef8b26c6"
url = "https://github.com/kubernetes-sigs/kustomize/releases/download/kustomize/v5.8.1/kustomize_v5.8.1_windows_amd64.zip"
url_api = "https://api.github.com/repos/kubernetes-sigs/kustomize/releases/assets/353160980"

[[tools.node]]
version = "25.9.0"
backend = "core:node"

[tools.node."platforms.linux-arm64"]
checksum = "sha256:8fb4283301b8c720fc9f18bffff0f659e72cc14d0cf207a3bb411808aaa73a57"
url = "https://nodejs.org/dist/v25.9.0/node-v25.9.0-linux-arm64.tar.gz"

[tools.node."platforms.linux-arm64-musl"]
checksum = "sha256:97f6fe125faa51f84a7bb600d0cd7aefcfaaa0e75a5f49a7c61c3df91d12d535"
url = "https://unofficial-builds.nodejs.org/download/release/v25.9.0/node-v25.9.0-linux-arm64-musl.tar.gz"

[tools.node."platforms.linux-x64"]
checksum = "sha256:134e55b2408448a219760fe04dc44d6851f9de8a79549021ffd870e9082d9e7b"
url = "https://nodejs.org/dist/v25.9.0/node-v25.9.0-linux-x64.tar.gz"

[tools.node."platforms.linux-x64-musl"]
checksum = "sha256:1ac44af012be6bc17f1e3723edbf12897c0baeae5d1dc75b9f97d71413e4c8f5"
url = "https://unofficial-builds.nodejs.org/download/release/v25.9.0/node-v25.9.0-linux-x64-musl.tar.gz"

[tools.node."platforms.macos-arm64"]
checksum = "sha256:e479f3c469d3d9303a44f00a8ea37a3788395d171bb8059c48a4bbbd2e371b59"
url = "https://nodejs.org/dist/v25.9.0/node-v25.9.0-darwin-arm64.tar.gz"

[tools.node."platforms.macos-x64"]
checksum = "sha256:7d737b53ce191142bfa1c17cfa5b070d96e84eebf76b8dd06d84981cbdc3f7e3"
url = "https://nodejs.org/dist/v25.9.0/node-v25.9.0-darwin-x64.tar.gz"

[tools.node."platforms.windows-x64"]
checksum = "sha256:929552b8305effac843ba7b4270c437aefb702fc3fbd73fcd1bffd35d4ac284e"
url = "https://nodejs.org/dist/v25.9.0/node-v25.9.0-win-x64.zip"

[[tools."npm:pnpm"]]
version = "12.1.0"
backend = "npm:pnpm"

[[tools."pipx:molecule"]]
version = "26.6.0"
backend = "pipx:molecule"

[tools."pipx:molecule".options]
uvx_args = "--with=molecule-plugins[docker],ansible-lint"

[[tools."pipx:yamllint"]]
version = "1.38.0"
backend = "pipx:yamllint"

[[tools.pulumi]]
version = "3.256.0"
backend = "aqua:pulumi/pulumi"

[tools.pulumi."platforms.linux-arm64"]
checksum = "sha256:a5b0c4cfc894d9147b8769eeb590fb6517f98829595d95443c2b6f91b1815711"
url = "https://github.com/pulumi/pulumi/releases/download/v3.256.0/pulumi-v3.256.0-linux-arm64.tar.gz"
url_api = "https://api.github.com/repos/pulumi/pulumi/releases/assets/501681507"
provenance = "cosign"

[tools.pulumi."platforms.linux-arm64-musl"]
checksum = "sha256:a5b0c4cfc894d9147b8769eeb590fb6517f98829595d95443c2b6f91b1815711"
url = "https://github.com/pulumi/pulumi/releases/download/v3.256.0/pulumi-v3.256.0-linux-arm64.tar.gz"
url_api = "https://api.github.com/repos/pulumi/pulumi/releases/assets/501681507"
provenance = "cosign"

[tools.pulumi."platforms.linux-x64"]
checksum = "sha256:fe4afd4cda48f7fe06961268834caf78fb1efa8b31ee61ad00ee2e6cfa91caea"
url = "https://github.com/pulumi/pulumi/releases/download/v3.256.0/pulumi-v3.256.0-linux-x64.tar.gz"
url_api = "https://api.github.com/repos/pulumi/pulumi/releases/assets/501681589"
provenance = "cosign"

[tools.pulumi."platforms.linux-x64-musl"]
checksum = "sha256:fe4afd4cda48f7fe06961268834caf78fb1efa8b31ee61ad00ee2e6cfa91caea"
url = "https://github.com/pulumi/pulumi/releases/download/v3.256.0/pulumi-v3.256.0-linux-x64.tar.gz"
url_api = "https://api.github.com/repos/pulumi/pulumi/releases/assets/501681589"
provenance = "cosign"

[tools.pulumi."platforms.macos-arm64"]
checksum = "sha256:da8ed5d80c07ef00c5b0a489ddcedf4c985092d69b8efc4e9d2193e1e4f05b5b"
url = "https://github.com/pulumi/pulumi/releases/download/v3.256.0/pulumi-v3.256.0-darwin-arm64.tar.gz"
url_api = "https://api.github.com/repos/pulumi/pulumi/releases/assets/501681339"
provenance = "cosign"

[tools.pulumi."platforms.macos-x64"]
checksum = "sha256:53a8c8775cb6e9886482552a3e7c74eccec7284dce4a4f68368a94113cf47b98"
url = "https://github.com/pulumi/pulumi/releases/download/v3.256.0/pulumi-v3.256.0-darwin-x64.tar.gz"
url_api = "https://api.github.com/repos/pulumi/pulumi/releases/assets/501681412"
provenance = "cosign"

[tools.pulumi."platforms.windows-x64"]
checksum = "sha256:7e4e7e6c148e3b9f6cc36c871a07e2806f4a2196cc707b758d850765490041d3"
url = "https://github.com/pulumi/pulumi/releases/download/v3.256.0/pulumi-v3.256.0-windows-x64.zip"
url_api = "https://api.github.com/repos/pulumi/pulumi/releases/assets/501681813"
provenance = "cosign"

[[tools.taplo]]
version = "0.10.0"
backend = "aqua:tamasfe/taplo"

[tools.taplo."platforms.linux-arm64"]
url = "https://github.com/tamasfe/taplo/releases/download/0.10.0/taplo-linux-aarch64.gz"
url_api = "https://api.github.com/repos/tamasfe/taplo/releases/assets/257322597"

[tools.taplo."platforms.linux-arm64-musl"]
url = "https://github.com/tamasfe/taplo/releases/download/0.10.0/taplo-linux-aarch64.gz"
url_api = "https://api.github.com/repos/tamasfe/taplo/releases/assets/257322597"

[tools.taplo."platforms.linux-x64"]
url = "https://github.com/tamasfe/taplo/releases/download/0.10.0/taplo-linux-x86_64.gz"
url_api = "https://api.github.com/repos/tamasfe/taplo/releases/assets/257322600"

[tools.taplo."platforms.linux-x64-musl"]
url = "https://github.com/tamasfe/taplo/releases/download/0.10.0/taplo-linux-x86_64.gz"
url_api = "https://api.github.com/repos/tamasfe/taplo/releases/assets/257322600"

[tools.taplo."platforms.macos-arm64"]
url = "https://github.com/tamasfe/taplo/releases/download/0.10.0/taplo-darwin-aarch64.gz"
url_api = "https://api.github.com/repos/tamasfe/taplo/releases/assets/257323110"

[tools.taplo."platforms.macos-x64"]
url = "https://github.com/tamasfe/taplo/releases/download/0.10.0/taplo-darwin-x86_64.gz"
url_api = "https://api.github.com/repos/tamasfe/taplo/releases/assets/257323116"

[tools.taplo."platforms.windows-x64"]
url = "https://github.com/tamasfe/taplo/releases/download/0.10.0/taplo-windows-x86_64.zip"
url_api = "https://api.github.com/repos/tamasfe/taplo/releases/assets/257323062"

[[tools.uv]]
version = "0.12.3"
backend = "aqua:astral-sh/uv"

[tools.uv."platforms.linux-arm64"]
checksum = "sha256:fa513fca1eb2913334c944fe9adbdd410274a1cbe8dd05d03699a9eb85311d4e"
url = "https://github.com/astral-sh/uv/releases/download/0.12.3/uv-aarch64-unknown-linux-musl.tar.gz"
url_api = "https://api.github.com/repos/astral-sh/uv/releases/assets/505387718"
provenance = "github-attestations"

[tools.uv."platforms.linux-arm64-musl"]
checksum = "sha256:fa513fca1eb2913334c944fe9adbdd410274a1cbe8dd05d03699a9eb85311d4e"
url = "https://github.com/astral-sh/uv/releases/download/0.12.3/uv-aarch64-unknown-linux-musl.tar.gz"
url_api = "https://api.github.com/repos/astral-sh/uv/releases/assets/505387718"
provenance = "github-attestations"

[tools.uv."platforms.linux-x64"]
checksum = "sha256:0643b9fb8c9fb27458e709ce6ff939695013c41975ff7b02d3f3b138d8d4bdb3"
url = "https://github.com/astral-sh/uv/releases/download/0.12.3/uv-x86_64-unknown-linux-musl.tar.gz"
url_api = "https://api.github.com/repos/astral-sh/uv/releases/assets/505387821"
provenance = "github-attestations"

[tools.uv."platforms.linux-x64-musl"]
checksum = "sha256:0643b9fb8c9fb27458e709ce6ff939695013c41975ff7b02d3f3b138d8d4bdb3"
url = "https://github.com/astral-sh/uv/releases/download/0.12.3/uv-x86_64-unknown-linux-musl.tar.gz"
url_api = "https://api.github.com/repos/astral-sh/uv/releases/assets/505387821"
provenance = "github-attestations"

[tools.uv."platforms.macos-arm64"]
checksum = "sha256:546f7f8a6c70ff13a3a9d2bc958db3427298cebf3e0cb756f9177133b7068843"
url = "https://github.com/astral-sh/uv/releases/download/0.12.3/uv-aarch64-apple-darwin.tar.gz"
url_api = "https://api.github.com/repos/astral-sh/uv/releases/assets/505387707"
provenance = "github-attestations"

[tools.uv."platforms.macos-x64"]
checksum = "sha256:4c9f52262a14da336e4a42ed24992d12d0c956acde87619e4611d321dffa602b"
url = "https://github.com/astral-sh/uv/releases/download/0.12.3/uv-x86_64-apple-darwin.tar.gz"
url_api = "https://api.github.com/repos/astral-sh/uv/releases/assets/505387807"
provenance = "github-attestations"

[tools.uv."platforms.windows-x64"]
checksum = "sha256:b23350c79e8ad0192b8124af13a0f17e8d4e4549524785e1aef389ae5a06990e"
url = "https://github.com/astral-sh/uv/releases/download/0.12.3/uv-x86_64-pc-windows-msvc.zip"
url_api = "https://api.github.com/repos/astral-sh/uv/releases/assets/505387809"
provenance = "github-attestations"
