# @generated - this file is auto-generated by `mise lock` https://mise.jdx.dev/dev-tools/mise-lock.html

[[tools.node]]
version = "25.9.0"
backend = "core:node"

[tools.node."platforms.linux-arm64"]
checksum = "sha256:8fb4283301b8c720fc9f18bffff0f659e72cc14d0cf207a3bb411808aaa73a57"
url = "https://nodejs.org/dist/v25.9.0/node-v25.9.0-linux-arm64.tar.gz"

[tools.node."platforms.linux-arm64-musl"]
checksum = "sha256:97f6fe125faa51f84a7bb600d0cd7aefcfaaa0e75a5f49a7c61c3df91d12d535"
url = "https://unofficial-builds.nodejs.org/download/release/v25.9.0/node-v25.9.0-linux-arm64-musl.tar.gz"

[tools.node."platforms.linux-x64"]
checksum = "sha256:134e55b2408448a219760fe04dc44d6851f9de8a79549021ffd870e9082d9e7b"
url = "https://nodejs.org/dist/v25.9.0/node-v25.9.0-linux-x64.tar.gz"

[tools.node."platforms.linux-x64-musl"]
checksum = "sha256:1ac44af012be6bc17f1e3723edbf12897c0baeae5d1dc75b9f97d71413e4c8f5"
url = "https://unofficial-builds.nodejs.org/download/release/v25.9.0/node-v25.9.0-linux-x64-musl.tar.gz"

[tools.node."platforms.macos-arm64"]
checksum = "sha256:e479f3c469d3d9303a44f00a8ea37a3788395d171bb8059c48a4bbbd2e371b59"
url = "https://nodejs.org/dist/v25.9.0/node-v25.9.0-darwin-arm64.tar.gz"

[tools.node."platforms.macos-x64"]
checksum = "sha256:7d737b53ce191142bfa1c17cfa5b070d96e84eebf76b8dd06d84981cbdc3f7e3"
url = "https://nodejs.org/dist/v25.9.0/node-v25.9.0-darwin-x64.tar.gz"

[tools.node."platforms.windows-x64"]
checksum = "sha256:929552b8305effac843ba7b4270c437aefb702fc3fbd73fcd1bffd35d4ac284e"
url = "https://nodejs.org/dist/v25.9.0/node-v25.9.0-win-x64.zip"

[[tools."npm:pnpm"]]
version = "11.20.0"
backend = "npm:pnpm"

[[tools."pipx:molecule"]]
version = "26.6.0"
backend = "pipx:molecule"

[tools."pipx:molecule".options]
uvx_args = "--with=molecule-plugins[docker],ansible-lint"

[[tools.pulumi]]
version = "3.256.0"
backend = "aqua:pulumi/pulumi"

[tools.pulumi."platforms.linux-arm64"]
checksum = "sha256:a5b0c4cfc894d9147b8769eeb590fb6517f98829595d95443c2b6f91b1815711"
url = "https://github.com/pulumi/pulumi/releases/download/v3.256.0/pulumi-v3.256.0-linux-arm64.tar.gz"
url_api = "https://api.github.com/repos/pulumi/pulumi/releases/assets/501681507"
provenance = "cosign"

[tools.pulumi."platforms.linux-arm64-musl"]
checksum = "sha256:a5b0c4cfc894d9147b8769eeb590fb6517f98829595d95443c2b6f91b1815711"
url = "https://github.com/pulumi/pulumi/releases/download/v3.256.0/pulumi-v3.256.0-linux-arm64.tar.gz"
url_api = "https://api.github.com/repos/pulumi/pulumi/releases/assets/501681507"
provenance = "cosign"

[tools.pulumi."platforms.linux-x64"]
checksum = "sha512:893b2849938e5b341721e6aa794794f80ec9f5c967a907854f153f73c63382209c5cfbdc8b236437d3957c3bb0c1d876888f25661e0ce39a451d8554bd38138a"
url = "https://github.com/pulumi/pulumi/releases/download/v3.256.0/pulumi-v3.256.0-linux-x64.tar.gz"
url_api = "https://api.github.com/repos/pulumi/pulumi/releases/assets/501681589"
provenance = "cosign"

[tools.pulumi."platforms.linux-x64-musl"]
checksum = "sha256:fe4afd4cda48f7fe06961268834caf78fb1efa8b31ee61ad00ee2e6cfa91caea"
url = "https://github.com/pulumi/pulumi/releases/download/v3.256.0/pulumi-v3.256.0-linux-x64.tar.gz"
url_api = "https://api.github.com/repos/pulumi/pulumi/releases/assets/501681589"
provenance = "cosign"

[tools.pulumi."platforms.macos-arm64"]
checksum = "sha256:da8ed5d80c07ef00c5b0a489ddcedf4c985092d69b8efc4e9d2193e1e4f05b5b"
url = "https://github.com/pulumi/pulumi/releases/download/v3.256.0/pulumi-v3.256.0-darwin-arm64.tar.gz"
url_api = "https://api.github.com/repos/pulumi/pulumi/releases/assets/501681339"
provenance = "cosign"

[tools.pulumi."platforms.macos-x64"]
checksum = "sha256:53a8c8775cb6e9886482552a3e7c74eccec7284dce4a4f68368a94113cf47b98"
url = "https://github.com/pulumi/pulumi/releases/download/v3.256.0/pulumi-v3.256.0-darwin-x64.tar.gz"
url_api = "https://api.github.com/repos/pulumi/pulumi/releases/assets/501681412"
provenance = "cosign"

[tools.pulumi."platforms.windows-x64"]
checksum = "sha256:7e4e7e6c148e3b9f6cc36c871a07e2806f4a2196cc707b758d850765490041d3"
url = "https://github.com/pulumi/pulumi/releases/download/v3.256.0/pulumi-v3.256.0-windows-x64.zip"
url_api = "https://api.github.com/repos/pulumi/pulumi/releases/assets/501681813"
provenance = "cosign"
